
Microsoft Visual Studio Solution File, Format Version 12.00
# Visual Studio 2013
VisualStudioVersion = 12.0.21005.1
MinimumVisualStudioVersion = 10.0.40219.1
Project("{FAE04EC0-301F-11D3-BF4B-00C04F79EFBC}") = "第二个读取文件程序", "第二个读取文件程序\第二个读取文件程序.csproj", "{CD7B0CC3-3DB6-497E-B4CD-05E0625F8A90}"
EndProject
Global
	GlobalSection(SolutionConfigurationPlatforms) = preSolution
		Debug|Any CPU = Debug|Any CPU
		Release|Any CPU = Release|Any CPU
	EndGlobalSection
	GlobalSection(ProjectConfigurationPlatforms) = postSolution
		{CD7B0CC3-3DB6-497E-B4CD-05E0625F8A90}.Debug|Any CPU.ActiveCfg = Debug|Any CPU
		{CD7B0CC3-3DB6-497E-B4CD-05E0625F8A90}.Debug|Any CPU.Build.0 = Debug|Any CPU
		{CD7B0CC3-3DB6-497E-B4CD-05E0625F8A90}.Release|Any CPU.ActiveCfg = Release|Any CPU
		{CD7B0CC3-3DB6-497E-B4CD-05E0625F8A90}.Release|Any CPU.Build.0 = Release|Any CPU
	EndGlobalSection
	GlobalSection(SolutionProperties) = preSolution
		HideSolutionNode = FALSE
	EndGlobalSection
EndGlobal
